
Microsoft Visual Studio Solution File, Format Version 12.00
# Visual Studio Version 17
VisualStudioVersion = 17.8.34525.116
MinimumVisualStudioVersion = 10.0.40219.1
Project("{FAE04EC0-301F-11D3-BF4B-00C04F79EFBC}") = "SuperHeroAPI", "SuperHeroAPI\SuperHeroAPI.csproj", "{BE503D55-500D-4B7C-BD68-E5ADFCC04A7A}"
EndProject
Global
	GlobalSection(SolutionConfigurationPlatforms) = preSolution
		Debug|Any CPU = Debug|Any CPU
		Release|Any CPU = Release|Any CPU
	EndGlobalSection
	GlobalSection(ProjectConfigurationPlatforms) = postSolution
		{BE503D55-500D-4B7C-BD68-E5ADFCC04A7A}.Debug|Any CPU.ActiveCfg = Debug|Any CPU
		{BE503D55-500D-4B7C-BD68-E5ADFCC04A7A}.Debug|Any CPU.Build.0 = Debug|Any CPU
		{BE503D55-500D-4B7C-BD68-E5ADFCC04A7A}.Release|Any CPU.ActiveCfg = Release|Any CPU
		{BE503D55-500D-4B7C-BD68-E5ADFCC04A7A}.Release|Any CPU.Build.0 = Release|Any CPU
	EndGlobalSection
	GlobalSection(SolutionProperties) = preSolution
		HideSolutionNode = FALSE
	EndGlobalSection
	GlobalSection(ExtensibilityGlobals) = postSolution
		SolutionGuid = {84BA6BF6-5EF4-46F7-9016-886F11455549}
	EndGlobalSection
EndGlobal
